
Microsoft Visual Studio Solution File, Format Version 12.00
# Visual Studio 15
VisualStudioVersion = 15.0.27703.2042
MinimumVisualStudioVersion = 10.0.40219.1
Project("{FAE04EC0-301F-11D3-BF4B-00C04F79EFBC}") = "Sifre-Olusturucu", "..\..\PassMaker\PassMaker\Sifre-Olusturucu.csproj", "{2B0DA0B0-310D-49AB-8C4E-30B919AF625A}"
EndProject
Global
	GlobalSection(SolutionConfigurationPlatforms) = preSolution
		Debug|Any CPU = Debug|Any CPU
		Release|Any CPU = Release|Any CPU
	EndGlobalSection
	GlobalSection(ProjectConfigurationPlatforms) = postSolution
		{2B0DA0B0-310D-49AB-8C4E-30B919AF625A}.Debug|Any CPU.ActiveCfg = Debug|Any CPU
		{2B0DA0B0-310D-49AB-8C4E-30B919AF625A}.Debug|Any CPU.Build.0 = Debug|Any CPU
		{2B0DA0B0-310D-49AB-8C4E-30B919AF625A}.Release|Any CPU.ActiveCfg = Release|Any CPU
		{2B0DA0B0-310D-49AB-8C4E-30B919AF625A}.Release|Any CPU.Build.0 = Release|Any CPU
	EndGlobalSection
	GlobalSection(SolutionProperties) = preSolution
		HideSolutionNode = FALSE
	EndGlobalSection
	GlobalSection(ExtensibilityGlobals) = postSolution
		SolutionGuid = {92032B28-F1B0-4FF0-A8FA-AB8C14C401A4}
	EndGlobalSection
EndGlobal
